// !$*UTF8*$!
{
	archiveVersion = 1;
	classes = {
	};
	objectVersion = 46;
	objects = {

/* Begin PBXBuildFile section */
		EE3C44AD1EB6571500AF2F64 /* MapKit.framework in Frameworks */ = {isa = PBXBuildFile; fileRef = EE3C44AC1EB6571500AF2F64 /* MapKit.framework */; };
		EE3C44B11EB6611300AF2F64 /* TreeAnnotation.swift in Sources */ = {isa = PBXBuildFile; fileRef = EE3C44B01EB6611300AF2F64 /* TreeAnnotation.swift */; };
		EE943CF41EB68EDC00E9F567 /* download.png in Resources */ = {isa = PBXBuildFile; fileRef = EE943CF31EB68EDC00E9F567 /* download.png */; };
		EE943CF61EB68EE800E9F567 /* thumbnail_TeamLogo.jpg.png in Resources */ = {isa = PBXBuildFile; fileRef = EE943CF51EB68EE800E9F567 /* thumbnail_TeamLogo.jpg.png */; };
		EE943CF81EB68EF600E9F567 /* decobanner.png in Resources */ = {isa = PBXBuildFile; fileRef = EE943CF71EB68EF600E9F567 /* decobanner.png */; };
		EE96610B1EB4DC3200107BB5 /* AppDelegate.swift in Sources */ = {isa = PBXBuildFile; fileRef = EE96610A1EB4DC3200107BB5 /* AppDelegate.swift */; };
		EE96610D1EB4DC3200107BB5 /* ViewController.swift in Sources */ = {isa = PBXBuildFile; fileRef = EE96610C1EB4DC3200107BB5 /* ViewController.swift */; };
		EE9661101EB4DC3200107BB5 /* Main.storyboard in Resources */ = {isa = PBXBuildFile; fileRef = EE96610E1EB4DC3200107BB5 /* Main.storyboard */; };
		EE9661121EB4DC3200107BB5 /* Assets.xcassets in Resources */ = {isa = PBXBuildFile; fileRef = EE9661111EB4DC3200107BB5 /* Assets.xcassets */; };
		EE9661151EB4DC3200107BB5 /* LaunchScreen.storyboard in Resources */ = {isa = PBXBuildFile; fileRef = EE9661131EB4DC3200107BB5 /* LaunchScreen.storyboard */; };
/* End PBXBuildFile section */

/* Begin PBXFileReference section */
		EE3C44AC1EB6571500AF2F64 /* MapKit.framework */ = {isa = PBXFileReference; lastKnownFileType = wrapper.framework; name = MapKit.framework; path = System/Library/Frameworks/MapKit.framework; sourceTree = SDKROOT; };
		EE3C44B01EB6611300AF2F64 /* TreeAnnotation.swift */ = {isa = PBXFileReference; fileEncoding = 4; lastKnownFileType = sourcecode.swift; name = TreeAnnotation.swift; path = ../TreeAnnotation.swift; sourceTree = "<group>"; };
		EE943CF31EB68EDC00E9F567 /* download.png */ = {isa = PBXFileReference; lastKnownFileType = image.png; path = download.png; sourceTree = "<group>"; };
		EE943CF51EB68EE800E9F567 /* thumbnail_TeamLogo.jpg.png */ = {isa = PBXFileReference; lastKnownFileType = image.png; path = thumbnail_TeamLogo.jpg.png; sourceTree = "<group>"; };
		EE943CF71EB68EF600E9F567 /* decobanner.png */ = {isa = PBXFileReference; lastKnownFileType = image.png; path = decobanner.png; sourceTree = "<group>"; };
		EE9661071EB4DC3200107BB5 /* D.Eco.app */ = {isa = PBXFileReference; explicitFileType = wrapper.application; includeInIndex = 0; path = D.Eco.app; sourceTree = BUILT_PRODUCTS_DIR; };
		EE96610A1EB4DC3200107BB5 /* AppDelegate.swift */ = {isa = PBXFileReference; lastKnownFileType = sourcecode.swift; path = AppDelegate.swift; sourceTree = "<group>"; };
		EE96610C1EB4DC3200107BB5 /* ViewController.swift */ = {isa = PBXFileReference; lastKnownFileType = sourcecode.swift; path = ViewController.swift; sourceTree = "<group>"; };
		EE96610F1EB4DC3200107BB5 /* Base */ = {isa = PBXFileReference; lastKnownFileType = file.storyboard; name = Base; path = Base.lproj/Main.storyboard; sourceTree = "<group>"; };
		EE9661111EB4DC3200107BB5 /* Assets.xcassets */ = {isa = PBXFileReference; lastKnownFileType = folder.assetcatalog; path = Assets.xcassets; sourceTree = "<group>"; };
		EE9661141EB4DC3200107BB5 /* Base */ = {isa = PBXFileReference; lastKnownFileType = file.storyboard; name = Base; path = Base.lproj/LaunchScreen.storyboard; sourceTree = "<group>"; };
		EE9661161EB4DC3200107BB5 /* Info.plist */ = {isa = PBXFileReference; lastKnownFileType = text.plist.xml; path = Info.plist; sourceTree = "<group>"; };
/* End PBXFileReference section */

/* Begin PBXFrameworksBuildPhase section */
		EE9661041EB4DC3200107BB5 /* Frameworks */ = {
			isa = PBXFrameworksBuildPhase;
			buildActionMask = 2147483647;
			files = (
				EE3C44AD1EB6571500AF2F64 /* MapKit.framework in Frameworks */,
			);
			runOnlyForDeploymentPostprocessing = 0;
		};
/* End PBXFrameworksBuildPhase section */

/* Begin PBXGroup section */
		EE3C44AB1EB6571500AF2F64 /* Frameworks */ = {
			isa = PBXGroup;
			children = (
				EE3C44AC1EB6571500AF2F64 /* MapKit.framework */,
			);
			name = Frameworks;
			sourceTree = "<group>";
		};
		EE9660FE1EB4DC3200107BB5 = {
			isa = PBXGroup;
			children = (
				EE9661091EB4DC3200107BB5 /* D.Eco */,
				EE9661081EB4DC3200107BB5 /* Products */,
				EE3C44AB1EB6571500AF2F64 /* Frameworks */,
			);
			sourceTree = "<group>";
		};
		EE9661081EB4DC3200107BB5 /* Products */ = {
			isa = PBXGroup;
			children = (
				EE9661071EB4DC3200107BB5 /* D.Eco.app */,
			);
			name = Products;
			sourceTree = "<group>";
		};
		EE9661091EB4DC3200107BB5 /* D.Eco */ = {
			isa = PBXGroup;
			children = (
				EE96610A1EB4DC3200107BB5 /* AppDelegate.swift */,
				EE96610C1EB4DC3200107BB5 /* ViewController.swift */,
				EE3C44B01EB6611300AF2F64 /* TreeAnnotation.swift */,
				EE96610E1EB4DC3200107BB5 /* Main.storyboard */,
				EE943CF51EB68EE800E9F567 /* thumbnail_TeamLogo.jpg.png */,
				EE943CF71EB68EF600E9F567 /* decobanner.png */,
				EE943CF31EB68EDC00E9F567 /* download.png */,
				EE9661111EB4DC3200107BB5 /* Assets.xcassets */,
				EE9661131EB4DC3200107BB5 /* LaunchScreen.storyboard */,
				EE9661161EB4DC3200107BB5 /* Info.plist */,
			);
			path = D.Eco;
			sourceTree = "<group>";
		};
/* End PBXGroup section */

/* Begin PBXNativeTarget section */
		EE9661061EB4DC3200107BB5 /* D.Eco */ = {
			isa = PBXNativeTarget;
			buildConfigurationList = EE9661191EB4DC3200107BB5 /* Build configuration list for PBXNativeTarget "D.Eco" */;
			buildPhases = (
				EE9661031EB4DC3200107BB5 /* Sources */,
				EE9661041EB4DC3200107BB5 /* Frameworks */,
				EE9661051EB4DC3200107BB5 /* Resources */,
			);
			buildRules = (
			);
			dependencies = (
			);
			name = D.Eco;
			productName = D.Eco;
			productReference = EE9661071EB4DC3200107BB5 /* D.Eco.app */;
			productType = "com.apple.product-type.application";
		};
/* End PBXNativeTarget section */

/* Begin PBXProject section */
		EE9660FF1EB4DC3200107BB5 /* Project object */ = {
			isa = PBXProject;
			attributes = {
				LastSwiftUpdateCheck = 0820;
				LastUpgradeCheck = 0820;
				ORGANIZATIONNAME = "Fisal Alsabhan";
				TargetAttributes = {
					EE9661061EB4DC3200107BB5 = {
						CreatedOnToolsVersion = 8.2.1;
						DevelopmentTeam = MLHDEX3ACV;
						ProvisioningStyle = Automatic;
						SystemCapabilities = {
							com.apple.Maps.iOS = {
								enabled = 1;
							};
						};
					};
				};
			};
			buildConfigurationList = EE9661021EB4DC3200107BB5 /* Build configuration list for PBXProject "D.Eco" */;
			compatibilityVersion = "Xcode 3.2";
			developmentRegion = English;
			hasScannedForEncodings = 0;
			knownRegions = (
				en,
				Base,
			);
			mainGroup = EE9660FE1EB4DC3200107BB5;
			productRefGroup = EE9661081EB4DC3200107BB5 /* Products */;
			projectDirPath = "";
			projectRoot = "";
			targets = (
				EE9661061EB4DC3200107BB5 /* D.Eco */,
			);
		};
/* End PBXProject section */

/* Begin PBXResourcesBuildPhase section */
		EE9661051EB4DC3200107BB5 /* Resources */ = {
			isa = PBXResourcesBuildPhase;
			buildActionMask = 2147483647;
			files = (
				EE9661151EB4DC3200107BB5 /* LaunchScreen.storyboard in Resources */,
				EE9661121EB4DC3200107BB5 /* Assets.xcassets in Resources */,
				EE9661101EB4DC3200107BB5 /* Main.storyboard in Resources */,
				EE943CF81EB68EF600E9F567 /* decobanner.png in Resources */,
				EE943CF41EB68EDC00E9F567 /* download.png in Resources */,
				EE943CF61EB68EE800E9F567 /* thumbnail_TeamLogo.jpg.png in Resources */,
			);
			runOnlyForDeploymentPostprocessing = 0;
		};
/* End PBXResourcesBuildPhase section */

/* Begin PBXSourcesBuildPhase section */
		EE9661031EB4DC3200107BB5 /* Sources */ = {
			isa = PBXSourcesBuildPhase;
			buildActionMask = 2147483647;
			files = (
				EE96610D1EB4DC3200107BB5 /* ViewController.swift in Sources */,
				EE3C44B11EB6611300AF2F64 /* TreeAnnotation.swift in Sources */,
				EE96610B1EB4DC3200107BB5 /* AppDelegate.swift in Sources */,
			);
			runOnlyForDeploymentPostprocessing = 0;
		};
/* End PBXSourcesBuildPhase section */

/* Begin PBXVariantGroup section */
		EE96610E1EB4DC3200107BB5 /* Main.storyboard */ = {
			isa = PBXVariantGroup;
			children = (
				EE96610F1EB4DC3200107BB5 /* Base */,
			);
			name = Main.storyboard;
			sourceTree = "<group>";
		};
		EE9661131EB4DC3200107BB5 /* LaunchScreen.storyboard */ = {
			isa = PBXVariantGroup;
			children = (
				EE9661141EB4DC3200107BB5 /* Base */,
			);
			name = LaunchScreen.storyboard;
			sourceTree = "<group>";
		};
/* End PBXVariantGroup section */

/* Begin XCBuildConfiguration section */
		EE9661171EB4DC3200107BB5 /* Debug */ = {
			isa = XCBuildConfiguration;
			buildSettings = {
				ALWAYS_SEARCH_USER_PATHS = NO;
				CLANG_ANALYZER_NONNULL = YES;
				CLANG_CXX_LANGUAGE_STANDARD = "gnu++0x";
				CLANG_CXX_LIBRARY = "libc++";
				CLANG_ENABLE_MODULES = YES;
				CLANG_ENABLE_OBJC_ARC = YES;
				CLANG_WARN_BOOL_CONVERSION = YES;
				CLANG_WARN_CONSTANT_CONVERSION = YES;
				CLANG_WARN_DIRECT_OBJC_ISA_USAGE = YES_ERROR;
				CLANG_WARN_DOCUMENTATION_COMMENTS = YES;
				CLANG_WARN_EMPTY_BODY = YES;
				CLANG_WARN_ENUM_CONVERSION = YES;
				CLANG_WARN_INFINITE_RECURSION = YES;
				CLANG_WARN_INT_CONVERSION = YES;
				CLANG_WARN_OBJC_ROOT_CLASS = YES_ERROR;
				CLANG_WARN_SUSPICIOUS_MOVE = YES;
				CLANG_WARN_UNREACHABLE_CODE = YES;
				CLANG_WARN__DUPLICATE_METHOD_MATCH = YES;
				"CODE_SIGN_IDENTITY[sdk=iphoneos*]" = "iPhone Developer";
				COPY_PHASE_STRIP = NO;
				DEBUG_INFORMATION_FORMAT = dwarf;
				ENABLE_STRICT_OBJC_MSGSEND = YES;
				ENABLE_TESTABILITY = YES;
				GCC_C_LANGUAGE_STANDARD = gnu99;
				GCC_DYNAMIC_NO_PIC = NO;
				GCC_NO_COMMON_BLOCKS = YES;
				GCC_OPTIMIZATION_LEVEL = 0;
				GCC_PREPROCESSOR_DEFINITIONS = (
					"DEBUG=1",
					"$(inherited)",
				);
				GCC_WARN_64_TO_32_BIT_CONVERSION = YES;
				GCC_WARN_ABOUT_RETURN_TYPE = YES_ERROR;
				GCC_WARN_UNDECLARED_SELECTOR = YES;
				GCC_WARN_UNINITIALIZED_AUTOS = YES_AGGRESSIVE;
				GCC_WARN_UNUSED_FUNCTION = YES;
				GCC_WARN_UNUSED_VARIABLE = YES;
				IPHONEOS_DEPLOYMENT_TARGET = 10.2;
				MTL_ENABLE_DEBUG_INFO = YES;
				ONLY_ACTIVE_ARCH = YES;
				SDKROOT = iphoneos;
				SWIFT_ACTIVE_COMPILATION_CONDITIONS = DEBUG;
				SWIFT_OPTIMIZATION_LEVEL = "-Onone";
			};
			name = Debug;
		};
		EE9661181EB4DC3200107BB5 /* Release */ = {
			isa = XCBuildConfiguration;
			buildSettings = {
				ALWAYS_SEARCH_USER_PATHS = NO;
				CLANG_ANALYZER_NONNULL = YES;
				CLANG_CXX_LANGUAGE_STANDARD = "gnu++0x";
				CLANG_CXX_LIBRARY = "libc++";
				CLANG_ENABLE_MODULES = YES;
				CLANG_ENABLE_OBJC_ARC = YES;
				CLANG_WARN_BOOL_CONVERSION = YES;
				CLANG_WARN_CONSTANT_CONVERSION = YES;
				CLANG_WARN_DIRECT_OBJC_ISA_USAGE = YES_ERROR;
				CLANG_WARN_DOCUMENTATION_COMMENTS = YES;
				CLANG_WARN_EMPTY_BODY = YES;
				CLANG_WARN_ENUM_CONVERSION = YES;
				CLANG_WARN_INFINITE_RECURSION = YES;
				CLANG_WARN_INT_CONVERSION = YES;
				CLANG_WARN_OBJC_ROOT_CLASS = YES_ERROR;
				CLANG_WARN_SUSPICIOUS_MOVE = YES;
				CLANG_WARN_UNREACHABLE_CODE = YES;
				CLANG_WARN__DUPLICATE_METHOD_MATCH = YES;
				"CODE_SIGN_IDENTITY[sdk=iphoneos*]" = "iPhone Developer";
				COPY_PHASE_STRIP = NO;
				DEBUG_INFORMATION_FORMAT = "dwarf-with-dsym";
				ENABLE_NS_ASSERTIONS = NO;
				ENABLE_STRICT_OBJC_MSGSEND = YES;
				GCC_C_LANGUAGE_STANDARD = gnu99;
				GCC_NO_COMMON_BLOCKS = YES;
				GCC_WARN_64_TO_32_BIT_CONVERSION = YES;
				GCC_WARN_ABOUT_RETURN_TYPE = YES_ERROR;
				GCC_WARN_UNDECLARED_SELECTOR = YES;
				GCC_WARN_UNINITIALIZED_AUTOS = YES_AGGRESSIVE;
				GCC_WARN_UNUSED_FUNCTION = YES;
				GCC_WARN_UNUSED_VARIABLE = YES;
				IPHONEOS_DEPLOYMENT_TARGET = 10.2;
				MTL_ENABLE_DEBUG_INFO = NO;
				SDKROOT = iphoneos;
				SWIFT_OPTIMIZATION_LEVEL = "-Owholemodule";
				VALIDATE_PRODUCT = YES;
			};
			name = Release;
		};
		EE96611A1EB4DC3200107BB5 /* Debug */ = {
			isa = XCBuildConfiguration;
			buildSettings = {
				ASSETCATALOG_COMPILER_APPICON_NAME = AppIcon;
				DEVELOPMENT_TEAM = MLHDEX3ACV;
				INFOPLIST_FILE = D.Eco/Info.plist;
				LD_RUNPATH_SEARCH_PATHS = "$(inherited) @executable_path/Frameworks";
				PRODUCT_BUNDLE_IDENTIFIER = "com.drury.falsabhan.D-Eco";
				PRODUCT_NAME = "$(TARGET_NAME)";
				SWIFT_VERSION = 3.0;
			};
			name = Debug;
		};
		EE96611B1EB4DC3200107BB5 /* Release */ = {
			isa = XCBuildConfiguration;
			buildSettings = {
				ASSETCATALOG_COMPILER_APPICON_NAME = AppIcon;
				DEVELOPMENT_TEAM = MLHDEX3ACV;
				INFOPLIST_FILE = D.Eco/Info.plist;
				LD_RUNPATH_SEARCH_PATHS = "$(inherited) @executable_path/Frameworks";
				PRODUCT_BUNDLE_IDENTIFIER = "com.drury.falsabhan.D-Eco";
				PRODUCT_NAME = "$(TARGET_NAME)";
				SWIFT_VERSION = 3.0;
			};
			name = Release;
		};
/* End XCBuildConfiguration section */

/* Begin XCConfigurationList section */
		EE9661021EB4DC3200107BB5 /* Build configuration list for PBXProject "D.Eco" */ = {
			isa = XCConfigurationList;
			buildConfigurations = (
				EE9661171EB4DC3200107BB5 /* Debug */,
				EE9661181EB4DC3200107BB5 /* Release */,
			);
			defaultConfigurationIsVisible = 0;
			defaultConfigurationName = Release;
		};
		EE9661191EB4DC3200107BB5 /* Build configuration list for PBXNativeTarget "D.Eco" */ = {
			isa = XCConfigurationList;
			buildConfigurations = (
				EE96611A1EB4DC3200107BB5 /* Debug */,
				EE96611B1EB4DC3200107BB5 /* Release */,
			);
			defaultConfigurationIsVisible = 0;
			defaultConfigurationName = Release;
		};
/* End XCConfigurationList section */
	};
	rootObject = EE9660FF1EB4DC3200107BB5 /* Project object */;
}
